{
  "version": 4,
  "terraform_version": "1.8.5",
  "serial": 19,
  "lineage": "7847b883-37a5-665d-eeda-dc8f22426ebf",
  "outputs": {
    "db_private_ip": {
      "value": "10.0.2.223",
      "type": "string"
    },
    "key_pair_path": {
      "value": "modules/key_pair/generated_key.pem",
      "type": "string"
    },
    "nginx_public_ip": {
      "value": "34.210.75.35",
      "type": "string"
    }
  },
  "resources": [
    {
      "module": "module.instances",
      "mode": "managed",
      "type": "aws_instance",
      "name": "db",
      "provider": "provider[\"registry.terraform.io/hashicorp/aws\"]",
      "instances": [
        {
          "schema_version": 1,
          "attributes": {
            "ami": "ami-0cf2b4e024cdb6960",
            "arn": "arn:aws:ec2:us-west-2:606113392078:instance/i-051da934133f261f2",
            "associate_public_ip_address": false,
            "availability_zone": "us-west-2a",
            "capacity_reservation_specification": [
              {
                "capacity_reservation_preference": "open",
                "capacity_reservation_target": []
              }
            ],
            "cpu_core_count": 1,
            "cpu_options": [
              {
                "amd_sev_snp": "",
                "core_count": 1,
                "threads_per_core": 1
              }
            ],
            "cpu_threads_per_core": 1,
            "credit_specification": [
              {
                "cpu_credits": "standard"
              }
            ],
            "disable_api_stop": false,
            "disable_api_termination": false,
            "ebs_block_device": [],
            "ebs_optimized": false,
            "enclave_options": [
              {
                "enabled": false
              }
            ],
            "ephemeral_block_device": [],
            "get_password_data": false,
            "hibernation": false,
            "host_id": "",
            "host_resource_group_arn": null,
            "iam_instance_profile": "",
            "id": "i-051da934133f261f2",
            "instance_initiated_shutdown_behavior": "stop",
            "instance_lifecycle": "",
            "instance_market_options": [],
            "instance_state": "running",
            "instance_type": "t2.micro",
            "ipv6_address_count": 0,
            "ipv6_addresses": [],
            "key_name": "my-keypair",
            "launch_template": [],
            "maintenance_options": [
              {
                "auto_recovery": "default"
              }
            ],
            "metadata_options": [
              {
                "http_endpoint": "enabled",
                "http_protocol_ipv6": "disabled",
                "http_put_response_hop_limit": 2,
                "http_tokens": "required",
                "instance_metadata_tags": "disabled"
              }
            ],
            "monitoring": false,
            "network_interface": [],
            "outpost_arn": "",
            "password_data": "",
            "placement_group": "",
            "placement_partition_number": 0,
            "primary_network_interface_id": "eni-07cb77e3dedf4e807",
            "private_dns": "ip-10-0-2-223.us-west-2.compute.internal",
            "private_dns_name_options": [
              {
                "enable_resource_name_dns_a_record": false,
                "enable_resource_name_dns_aaaa_record": false,
                "hostname_type": "ip-name"
              }
            ],
            "private_ip": "10.0.2.223",
            "public_dns": "",
            "public_ip": "",
            "root_block_device": [
              {
                "delete_on_termination": true,
                "device_name": "/dev/sda1",
                "encrypted": false,
                "iops": 3000,
                "kms_key_id": "",
                "tags": {},
                "tags_all": {},
                "throughput": 125,
                "volume_id": "vol-062a29a8848092cfe",
                "volume_size": 8,
                "volume_type": "gp3"
              }
            ],
            "secondary_private_ips": [],
            "security_groups": [],
            "source_dest_check": true,
            "spot_instance_request_id": "",
            "subnet_id": "subnet-04f0325a264a32eda",
            "tags": {
              "Name": "DBInstance"
            },
            "tags_all": {
              "Name": "DBInstance"
            },
            "tenancy": "default",
            "timeouts": null,
            "user_data": "689733552569c5733213f95c16781ac81421880b",
            "user_data_base64": null,
            "user_data_replace_on_change": false,
            "volume_tags": null,
            "vpc_security_group_ids": [
              "sg-03c1822b1bb974b31"
            ]
          },
          "sensitive_attributes": [],
          "private": "eyJlMmJmYjczMC1lY2FhLTExZTYtOGY4OC0zNDM2M2JjN2M0YzAiOnsiY3JlYXRlIjo2MDAwMDAwMDAwMDAsImRlbGV0ZSI6MTIwMDAwMDAwMDAwMCwicmVhZCI6OTAwMDAwMDAwMDAwLCJ1cGRhdGUiOjYwMDAwMDAwMDAwMH0sInNjaGVtYV92ZXJzaW9uIjoiMSJ9",
          "dependencies": [
            "module.security_groups.aws_security_group.db_sg",
            "module.vpc.aws_subnet.private",
            "module.vpc.aws_vpc.main"
          ]
        }
      ]
    },
    {
      "module": "module.instances",
      "mode": "managed",
      "type": "aws_instance",
      "name": "nginx",
      "provider": "provider[\"registry.terraform.io/hashicorp/aws\"]",
      "instances": [
        {
          "schema_version": 1,
          "attributes": {
            "ami": "ami-0cf2b4e024cdb6960",
            "arn": "arn:aws:ec2:us-west-2:606113392078:instance/i-0aa2cc5bffe9f2bb1",
            "associate_public_ip_address": true,
            "availability_zone": "us-west-2a",
            "capacity_reservation_specification": [
              {
                "capacity_reservation_preference": "open",
                "capacity_reservation_target": []
              }
            ],
            "cpu_core_count": 1,
            "cpu_options": [
              {
                "amd_sev_snp": "",
                "core_count": 1,
                "threads_per_core": 1
              }
            ],
            "cpu_threads_per_core": 1,
            "credit_specification": [
              {
                "cpu_credits": "standard"
              }
            ],
            "disable_api_stop": false,
            "disable_api_termination": false,
            "ebs_block_device": [],
            "ebs_optimized": false,
            "enclave_options": [
              {
                "enabled": false
              }
            ],
            "ephemeral_block_device": [],
            "get_password_data": false,
            "hibernation": false,
            "host_id": "",
            "host_resource_group_arn": null,
            "iam_instance_profile": "",
            "id": "i-0aa2cc5bffe9f2bb1",
            "instance_initiated_shutdown_behavior": "stop",
            "instance_lifecycle": "",
            "instance_market_options": [],
            "instance_state": "running",
            "instance_type": "t2.micro",
            "ipv6_address_count": 0,
            "ipv6_addresses": [],
            "key_name": "my-keypair",
            "launch_template": [],
            "maintenance_options": [
              {
                "auto_recovery": "default"
              }
            ],
            "metadata_options": [
              {
                "http_endpoint": "enabled",
                "http_protocol_ipv6": "disabled",
                "http_put_response_hop_limit": 2,
                "http_tokens": "required",
                "instance_metadata_tags": "disabled"
              }
            ],
            "monitoring": false,
            "network_interface": [],
            "outpost_arn": "",
            "password_data": "",
            "placement_group": "",
            "placement_partition_number": 0,
            "primary_network_interface_id": "eni-09de18f36f9b0d836",
            "private_dns": "ip-10-0-1-115.us-west-2.compute.internal",
            "private_dns_name_options": [
              {
                "enable_resource_name_dns_a_record": false,
                "enable_resource_name_dns_aaaa_record": false,
                "hostname_type": "ip-name"
              }
            ],
            "private_ip": "10.0.1.115",
            "public_dns": "",
            "public_ip": "34.210.75.35",
            "root_block_device": [
              {
                "delete_on_termination": true,
                "device_name": "/dev/sda1",
                "encrypted": false,
                "iops": 3000,
                "kms_key_id": "",
                "tags": {},
                "tags_all": {},
                "throughput": 125,
                "volume_id": "vol-0d8fe8a60f7f94d72",
                "volume_size": 8,
                "volume_type": "gp3"
              }
            ],
            "secondary_private_ips": [],
            "security_groups": [],
            "source_dest_check": true,
            "spot_instance_request_id": "",
            "subnet_id": "subnet-09ca24b503d8172e2",
            "tags": {
              "Name": "NginxInstance"
            },
            "tags_all": {
              "Name": "NginxInstance"
            },
            "tenancy": "default",
            "timeouts": null,
            "user_data": "506e14c72bca94c788b034e05a5728702d15fe10",
            "user_data_base64": null,
            "user_data_replace_on_change": false,
            "volume_tags": null,
            "vpc_security_group_ids": [
              "sg-05843f5eac812017f"
            ]
          },
          "sensitive_attributes": [],
          "private": "eyJlMmJmYjczMC1lY2FhLTExZTYtOGY4OC0zNDM2M2JjN2M0YzAiOnsiY3JlYXRlIjo2MDAwMDAwMDAwMDAsImRlbGV0ZSI6MTIwMDAwMDAwMDAwMCwicmVhZCI6OTAwMDAwMDAwMDAwLCJ1cGRhdGUiOjYwMDAwMDAwMDAwMH0sInNjaGVtYV92ZXJzaW9uIjoiMSJ9",
          "dependencies": [
            "module.security_groups.aws_security_group.nginx_sg",
            "module.vpc.aws_subnet.public",
            "module.vpc.aws_vpc.main"
          ]
        }
      ]
    },
    {
      "module": "module.key_pair",
      "mode": "managed",
      "type": "aws_key_pair",
      "name": "generated",
      "provider": "provider[\"registry.terraform.io/hashicorp/aws\"]",
      "instances": [
        {
          "schema_version": 1,
          "attributes": {
            "arn": "arn:aws:ec2:us-west-2:606113392078:key-pair/my-keypair",
            "fingerprint": "94:41:f1:a6:07:62:3f:28:21:e8:78:18:d1:a4:f4:86",
            "id": "my-keypair",
            "key_name": "my-keypair",
            "key_name_prefix": "",
            "key_pair_id": "key-01a62e157606ebd87",
            "key_type": "rsa",
            "public_key": "ssh-rsa AAAAB3NzaC1yc2EAAAADAQABAAABAQCvLbrtvUUHhjxyhAZTFF3GPCEErKY0OtM7t5kQDQ+TaOykKurMatWbzwsmcY0o3iY9CDO+VIYOcgXEqgRA2jBCdWf90VUnt3fDZPj6bIwM9dGYqGNl2A9PEO184iligs6k/TxI2fWs8KGBWDQw0+L/4DATD5m+NtJsmEnbl/BbR82EL3s4Mm6ywR7E035Ony2VxwNv2e33oxr79tw1ZbUocE3YMqeg9B/bpEAARd5TBuVjKT3f+IJ91GzqSHvcUFU/Y5Vh1Okyj1doFftV1q6L6hZUIdca4wo0/jZEWBiybruPxcBRpNoQAaGrYJkKp+1WMlGVuHD0aso/UHgOWtqv",
            "tags": {},
            "tags_all": {}
          },
          "sensitive_attributes": [],
          "private": "eyJzY2hlbWFfdmVyc2lvbiI6IjEifQ==",
          "dependencies": [
            "module.key_pair.tls_private_key.example"
          ]
        }
      ]
    },
    {
      "module": "module.key_pair",
      "mode": "managed",
      "type": "local_file",
      "name": "private_key",
      "provider": "provider[\"registry.terraform.io/hashicorp/local\"]",
      "instances": [
        {
          "schema_version": 0,
          "attributes": {
            "content": "-----BEGIN RSA PRIVATE KEY-----\nMIIEowIBAAKCAQEAry267b1FB4Y8coQGUxRdxjwhBKymNDrTO7eZEA0Pk2jspCrq\nzGrVm88LJnGNKN4mPQgzvlSGDnIFxKoEQNowQnVn/dFVJ7d3w2T4+myMDPXRmKhj\nZdgPTxDtfOIpYoLOpP08SNn1rPChgVg0MNPi/+AwEw+ZvjbSbJhJ25fwW0fNhC97\nODJussEexNN+Tp8tlccDb9nt96Ma+/bcNWW1KHBN2DKnoPQf26RAAEXeUwblYyk9\n3/iCfdRs6kh73FBVP2OVYdTpMo9XaBX7Vdaui+oWVCHXGuMKNP42RFgYsm67j8XA\nUaTaEAGhq2CZCqftVjJRlbhw9GrKP1B4DlrarwIDAQABAoIBAQCkXn9YFVDRB5Zu\nSQz6JVD78W11yl3FAjEzhkj7c5Xa1ge83nwjxFab9MBcmQ0/fHpap/iNLRgAM+LP\nrkuBYnkH0sv5r9J8Cr04POUVbIZYnsrEt7NUW0+5+4Mqu7bjNSOaUfaf0MuhMsQH\n7nBCJH6JYp0ZNXknrp7wwFAE2OLxcbdTYTKrX4tB83p1ZoFbrFU43nmlJOBUmx5M\n52wprHgUMrPBc+8qTmKvzPvG+FvDQKjp6mYnK0RFwAzeBSGugeY4pLuXgjlBPtl+\nAxg6P9J8yjjVvN1CCAAnOzcwRoz7apTYkUbM9pjwLbKZLNTJIrRWbkEfUo8FUZIP\nmCdsx9mhAoGBAMrzmD4ATOsuNqVTdByd6yjrdzIL4mZudb4Gj7o9bQ9Z9JJLo0SO\nBv+7bnVyj9iwAWLfJ+uqerLazdUGvzc3ysO510GurQ0IXrP0STLsY4ZcjyA0hONi\nMYphQ3Cd+3kPrxNYtvWdDitk6NdJ4rbdVWgCcdAHMpeAoj2+wDwgnDAfAoGBANz3\nuYFVC6YoGMVQvyiHzWFPPMlPwdYWP909USWvlMKHbcppHOEI/JmEI0aPLQU+MKjP\nM5TnOVBs94U5t03+kzIAdpDJrK8VxysGAkTgy/K5cQs/QgSbec8g5zPsa0we06fJ\nIImYC36T0pXbF+esJOzCGaOu55JwZXdPu9rO/sNxAoGAOtNoqXAE25ZFmJ4b5b+Q\nTggSQJtZQD98OVxFhMIRPoXgchcid9iDBtUZK0nNkA1UGYh9Vb3QWs85IioWerbd\nOuY/EnbDCigG6zo/jVcfce6aPcd7TT1FBssydQ4Vuf1lzcHFJmQjm0hghSaRZFe7\nTa6HtrifXXKXlDYaGlOJchkCgYBq7NDuXZn6eFKsQIuP8E8Y9H/kplyU3UVgKIi4\n5MLmcyRUmxKnbnLVUpTDUwslC1f+h+1c85rPaTtJU4l5C2RtAL5fB8gxHSe4kPrO\nG711IfkqyRyIIDgMW86lWJT/S7d97Jx7GIEPajav30otCCcCDlbb1wol2Y+v8Xxk\nwF+VcQKBgD+LjvSW9hA/OQVQlMONQCGp9usKmNOgFxfB26LNdJM7FPAKr37o9fhe\nicl4jf/9Q7Er338t4DenDVpSkiTcQwYBwg53GvzhTOWwTfoTe8Xx98oX3ggQmh5s\n0PRF9xx4uYBQ3YPO29Qjpz98N5kWwOKXz0q0n4qPouFZBgotflcm\n-----END RSA PRIVATE KEY-----\n",
            "content_base64": null,
            "content_base64sha256": "UEAY7Rh78jW93VO8a/PSPtnbg0xox+b7hH+sadSufnE=",
            "content_base64sha512": "bW1FmixUpBnpPunZyoyJTGtAqaL3zkHlvNIW3HO/DGG520qp7IEsk/fjQlz/W6F34IBmQt7Kq0SSUjma5VURJQ==",
            "content_md5": "ca912e8aed5c58ba602639f590cbe0f3",
            "content_sha1": "9da8716b53b20bc1df6d93a929ab1e356c42f8ef",
            "content_sha256": "504018ed187bf235bddd53bc6bf3d23ed9db834c68c7e6fb847fac69d4ae7e71",
            "content_sha512": "6d6d459a2c54a419e93ee9d9ca8c894c6b40a9a2f7ce41e5bcd216dc73bf0c61b9db4aa9ec812c93f7e3425cff5ba177e0806642decaab449252399ae5551125",
            "directory_permission": "0777",
            "file_permission": "0600",
            "filename": "modules/key_pair/generated_key.pem",
            "id": "9da8716b53b20bc1df6d93a929ab1e356c42f8ef",
            "sensitive_content": null,
            "source": null
          },
          "sensitive_attributes": [
            [
              {
                "type": "get_attr",
                "value": "content"
              }
            ],
            [
              {
                "type": "get_attr",
                "value": "sensitive_content"
              }
            ]
          ],
          "dependencies": [
            "module.key_pair.tls_private_key.example"
          ]
        }
      ]
    },
    {
      "module": "module.key_pair",
      "mode": "managed",
      "type": "tls_private_key",
      "name": "example",
      "provider": "provider[\"registry.terraform.io/hashicorp/tls\"]",
      "instances": [
        {
          "schema_version": 1,
          "attributes": {
            "algorithm": "RSA",
            "ecdsa_curve": "P224",
            "id": "304b2bb48c7b4b72ec861a1aa13c2ccd156a8744",
            "private_key_openssh": "-----BEGIN OPENSSH PRIVATE KEY-----\nb3BlbnNzaC1rZXktdjEAAAAABG5vbmUAAAAEbm9uZQAAAAAAAAABAAABFwAAAAdz\nc2gtcnNhAAAAAwEAAQAAAQEAry267b1FB4Y8coQGUxRdxjwhBKymNDrTO7eZEA0P\nk2jspCrqzGrVm88LJnGNKN4mPQgzvlSGDnIFxKoEQNowQnVn/dFVJ7d3w2T4+myM\nDPXRmKhjZdgPTxDtfOIpYoLOpP08SNn1rPChgVg0MNPi/+AwEw+ZvjbSbJhJ25fw\nW0fNhC97ODJussEexNN+Tp8tlccDb9nt96Ma+/bcNWW1KHBN2DKnoPQf26RAAEXe\nUwblYyk93/iCfdRs6kh73FBVP2OVYdTpMo9XaBX7Vdaui+oWVCHXGuMKNP42RFgY\nsm67j8XAUaTaEAGhq2CZCqftVjJRlbhw9GrKP1B4DlrarwAAA7gLXTDOC10wzgAA\nAAdzc2gtcnNhAAABAQCvLbrtvUUHhjxyhAZTFF3GPCEErKY0OtM7t5kQDQ+TaOyk\nKurMatWbzwsmcY0o3iY9CDO+VIYOcgXEqgRA2jBCdWf90VUnt3fDZPj6bIwM9dGY\nqGNl2A9PEO184iligs6k/TxI2fWs8KGBWDQw0+L/4DATD5m+NtJsmEnbl/BbR82E\nL3s4Mm6ywR7E035Ony2VxwNv2e33oxr79tw1ZbUocE3YMqeg9B/bpEAARd5TBuVj\nKT3f+IJ91GzqSHvcUFU/Y5Vh1Okyj1doFftV1q6L6hZUIdca4wo0/jZEWBiybruP\nxcBRpNoQAaGrYJkKp+1WMlGVuHD0aso/UHgOWtqvAAAAAwEAAQAAAQEApF5/WBVQ\n0QeWbkkM+iVQ+/FtdcpdxQIxM4ZI+3OV2tYHvN58I8RWm/TAXJkNP3x6Wqf4jS0Y\nADPiz65LgWJ5B9LL+a/SfAq9ODzlFWyGWJ7KxLezVFtPufuDKru24zUjmlH2n9DL\noTLEB+5wQiR+iWKdGTV5J66e8MBQBNji8XG3U2Eyq1+LQfN6dWaBW6xVON55pSTg\nVJseTOdsKax4FDKzwXPvKk5ir8z7xvhbw0Co6epmJytERcAM3gUhroHmOKS7l4I5\nQT7ZfgMYOj/SfMo41bzdQggAJzs3MEaM+2qU2JFGzPaY8C2ymSzUySK0Vm5BH1KP\nBVGSD5gnbMfZoQAAAIA/i470lvYQPzkFUJTDjUAhqfbrCpjToBcXwduizXSTOxTw\nCq9+6PX4XonJeI3//UOxK99/LeA3pw1aUpIk3EMGAcIOdxr84UzlsE36E3vF8ffK\nF94IEJoebND0RfcceLmAUN2DztvUI6c/fDeZFsDil89KtJ+Kj6LhWQYKLX5XJgAA\nAIEAyvOYPgBM6y42pVN0HJ3rKOt3MgviZm51vgaPuj1tD1n0kkujRI4G/7tudXKP\n2LABYt8n66p6strN1Qa/NzfKw7nXQa6tDQhes/RJMuxjhlyPIDSE42IximFDcJ37\neQ+vE1i29Z0OK2To10nitt1VaAJx0Acyl4CiPb7APCCcMB8AAACBANz3uYFVC6Yo\nGMVQvyiHzWFPPMlPwdYWP909USWvlMKHbcppHOEI/JmEI0aPLQU+MKjPM5TnOVBs\n94U5t03+kzIAdpDJrK8VxysGAkTgy/K5cQs/QgSbec8g5zPsa0we06fJIImYC36T\n0pXbF+esJOzCGaOu55JwZXdPu9rO/sNxAAAAAAEC\n-----END OPENSSH PRIVATE KEY-----\n",
            "private_key_pem": "-----BEGIN RSA PRIVATE KEY-----\nMIIEowIBAAKCAQEAry267b1FB4Y8coQGUxRdxjwhBKymNDrTO7eZEA0Pk2jspCrq\nzGrVm88LJnGNKN4mPQgzvlSGDnIFxKoEQNowQnVn/dFVJ7d3w2T4+myMDPXRmKhj\nZdgPTxDtfOIpYoLOpP08SNn1rPChgVg0MNPi/+AwEw+ZvjbSbJhJ25fwW0fNhC97\nODJussEexNN+Tp8tlccDb9nt96Ma+/bcNWW1KHBN2DKnoPQf26RAAEXeUwblYyk9\n3/iCfdRs6kh73FBVP2OVYdTpMo9XaBX7Vdaui+oWVCHXGuMKNP42RFgYsm67j8XA\nUaTaEAGhq2CZCqftVjJRlbhw9GrKP1B4DlrarwIDAQABAoIBAQCkXn9YFVDRB5Zu\nSQz6JVD78W11yl3FAjEzhkj7c5Xa1ge83nwjxFab9MBcmQ0/fHpap/iNLRgAM+LP\nrkuBYnkH0sv5r9J8Cr04POUVbIZYnsrEt7NUW0+5+4Mqu7bjNSOaUfaf0MuhMsQH\n7nBCJH6JYp0ZNXknrp7wwFAE2OLxcbdTYTKrX4tB83p1ZoFbrFU43nmlJOBUmx5M\n52wprHgUMrPBc+8qTmKvzPvG+FvDQKjp6mYnK0RFwAzeBSGugeY4pLuXgjlBPtl+\nAxg6P9J8yjjVvN1CCAAnOzcwRoz7apTYkUbM9pjwLbKZLNTJIrRWbkEfUo8FUZIP\nmCdsx9mhAoGBAMrzmD4ATOsuNqVTdByd6yjrdzIL4mZudb4Gj7o9bQ9Z9JJLo0SO\nBv+7bnVyj9iwAWLfJ+uqerLazdUGvzc3ysO510GurQ0IXrP0STLsY4ZcjyA0hONi\nMYphQ3Cd+3kPrxNYtvWdDitk6NdJ4rbdVWgCcdAHMpeAoj2+wDwgnDAfAoGBANz3\nuYFVC6YoGMVQvyiHzWFPPMlPwdYWP909USWvlMKHbcppHOEI/JmEI0aPLQU+MKjP\nM5TnOVBs94U5t03+kzIAdpDJrK8VxysGAkTgy/K5cQs/QgSbec8g5zPsa0we06fJ\nIImYC36T0pXbF+esJOzCGaOu55JwZXdPu9rO/sNxAoGAOtNoqXAE25ZFmJ4b5b+Q\nTggSQJtZQD98OVxFhMIRPoXgchcid9iDBtUZK0nNkA1UGYh9Vb3QWs85IioWerbd\nOuY/EnbDCigG6zo/jVcfce6aPcd7TT1FBssydQ4Vuf1lzcHFJmQjm0hghSaRZFe7\nTa6HtrifXXKXlDYaGlOJchkCgYBq7NDuXZn6eFKsQIuP8E8Y9H/kplyU3UVgKIi4\n5MLmcyRUmxKnbnLVUpTDUwslC1f+h+1c85rPaTtJU4l5C2RtAL5fB8gxHSe4kPrO\nG711IfkqyRyIIDgMW86lWJT/S7d97Jx7GIEPajav30otCCcCDlbb1wol2Y+v8Xxk\nwF+VcQKBgD+LjvSW9hA/OQVQlMONQCGp9usKmNOgFxfB26LNdJM7FPAKr37o9fhe\nicl4jf/9Q7Er338t4DenDVpSkiTcQwYBwg53GvzhTOWwTfoTe8Xx98oX3ggQmh5s\n0PRF9xx4uYBQ3YPO29Qjpz98N5kWwOKXz0q0n4qPouFZBgotflcm\n-----END RSA PRIVATE KEY-----\n",
            "private_key_pem_pkcs8": "-----BEGIN PRIVATE KEY-----\nMIIEvQIBADANBgkqhkiG9w0BAQEFAASCBKcwggSjAgEAAoIBAQCvLbrtvUUHhjxy\nhAZTFF3GPCEErKY0OtM7t5kQDQ+TaOykKurMatWbzwsmcY0o3iY9CDO+VIYOcgXE\nqgRA2jBCdWf90VUnt3fDZPj6bIwM9dGYqGNl2A9PEO184iligs6k/TxI2fWs8KGB\nWDQw0+L/4DATD5m+NtJsmEnbl/BbR82EL3s4Mm6ywR7E035Ony2VxwNv2e33oxr7\n9tw1ZbUocE3YMqeg9B/bpEAARd5TBuVjKT3f+IJ91GzqSHvcUFU/Y5Vh1Okyj1do\nFftV1q6L6hZUIdca4wo0/jZEWBiybruPxcBRpNoQAaGrYJkKp+1WMlGVuHD0aso/\nUHgOWtqvAgMBAAECggEBAKRef1gVUNEHlm5JDPolUPvxbXXKXcUCMTOGSPtzldrW\nB7zefCPEVpv0wFyZDT98elqn+I0tGAAz4s+uS4FieQfSy/mv0nwKvTg85RVshlie\nysS3s1RbT7n7gyq7tuM1I5pR9p/Qy6EyxAfucEIkfolinRk1eSeunvDAUATY4vFx\nt1NhMqtfi0HzenVmgVusVTjeeaUk4FSbHkznbCmseBQys8Fz7ypOYq/M+8b4W8NA\nqOnqZicrREXADN4FIa6B5jiku5eCOUE+2X4DGDo/0nzKONW83UIIACc7NzBGjPtq\nlNiRRsz2mPAtspks1MkitFZuQR9SjwVRkg+YJ2zH2aECgYEAyvOYPgBM6y42pVN0\nHJ3rKOt3MgviZm51vgaPuj1tD1n0kkujRI4G/7tudXKP2LABYt8n66p6strN1Qa/\nNzfKw7nXQa6tDQhes/RJMuxjhlyPIDSE42IximFDcJ37eQ+vE1i29Z0OK2To10ni\ntt1VaAJx0Acyl4CiPb7APCCcMB8CgYEA3Pe5gVULpigYxVC/KIfNYU88yU/B1hY/\n3T1RJa+Uwodtymkc4Qj8mYQjRo8tBT4wqM8zlOc5UGz3hTm3Tf6TMgB2kMmsrxXH\nKwYCRODL8rlxCz9CBJt5zyDnM+xrTB7Tp8kgiZgLfpPSldsX56wk7MIZo67nknBl\nd0+72s7+w3ECgYA602ipcATblkWYnhvlv5BOCBJAm1lAP3w5XEWEwhE+heByFyJ3\n2IMG1RkrSc2QDVQZiH1VvdBazzkiKhZ6tt065j8SdsMKKAbrOj+NVx9x7po9x3tN\nPUUGyzJ1DhW5/WXNwcUmZCObSGCFJpFkV7tNroe2uJ9dcpeUNhoaU4lyGQKBgGrs\n0O5dmfp4UqxAi4/wTxj0f+SmXJTdRWAoiLjkwuZzJFSbEqductVSlMNTCyULV/6H\n7Vzzms9pO0lTiXkLZG0Avl8HyDEdJ7iQ+s4bvXUh+SrJHIggOAxbzqVYlP9Lt33s\nnHsYgQ9qNq/fSi0IJwIOVtvXCiXZj6/xfGTAX5VxAoGAP4uO9Jb2ED85BVCUw41A\nIan26wqY06AXF8Hbos10kzsU8Aqvfuj1+F6JyXiN//1DsSvffy3gN6cNWlKSJNxD\nBgHCDnca/OFM5bBN+hN7xfH3yhfeCBCaHmzQ9EX3HHi5gFDdg87b1COnP3w3mRbA\n4pfPSrSfio+i4VkGCi1+VyY=\n-----END PRIVATE KEY-----\n",
            "public_key_fingerprint_md5": "8e:1b:e9:78:0e:fe:2e:4a:18:7c:f1:a2:3a:06:60:b4",
            "public_key_fingerprint_sha256": "SHA256:RJ08jf7e0KbsXlTu1z2VHF4QwYEcWV0wmedzcOgMa3s",
            "public_key_openssh": "ssh-rsa AAAAB3NzaC1yc2EAAAADAQABAAABAQCvLbrtvUUHhjxyhAZTFF3GPCEErKY0OtM7t5kQDQ+TaOykKurMatWbzwsmcY0o3iY9CDO+VIYOcgXEqgRA2jBCdWf90VUnt3fDZPj6bIwM9dGYqGNl2A9PEO184iligs6k/TxI2fWs8KGBWDQw0+L/4DATD5m+NtJsmEnbl/BbR82EL3s4Mm6ywR7E035Ony2VxwNv2e33oxr79tw1ZbUocE3YMqeg9B/bpEAARd5TBuVjKT3f+IJ91GzqSHvcUFU/Y5Vh1Okyj1doFftV1q6L6hZUIdca4wo0/jZEWBiybruPxcBRpNoQAaGrYJkKp+1WMlGVuHD0aso/UHgOWtqv\n",
            "public_key_pem": "-----BEGIN PUBLIC KEY-----\nMIIBIjANBgkqhkiG9w0BAQEFAAOCAQ8AMIIBCgKCAQEAry267b1FB4Y8coQGUxRd\nxjwhBKymNDrTO7eZEA0Pk2jspCrqzGrVm88LJnGNKN4mPQgzvlSGDnIFxKoEQNow\nQnVn/dFVJ7d3w2T4+myMDPXRmKhjZdgPTxDtfOIpYoLOpP08SNn1rPChgVg0MNPi\n/+AwEw+ZvjbSbJhJ25fwW0fNhC97ODJussEexNN+Tp8tlccDb9nt96Ma+/bcNWW1\nKHBN2DKnoPQf26RAAEXeUwblYyk93/iCfdRs6kh73FBVP2OVYdTpMo9XaBX7Vdau\ni+oWVCHXGuMKNP42RFgYsm67j8XAUaTaEAGhq2CZCqftVjJRlbhw9GrKP1B4Dlra\nrwIDAQAB\n-----END PUBLIC KEY-----\n",
            "rsa_bits": 2048
          },
          "sensitive_attributes": [
            [
              {
                "type": "get_attr",
                "value": "private_key_pem"
              }
            ],
            [
              {
                "type": "get_attr",
                "value": "private_key_openssh"
              }
            ],
            [
              {
                "type": "get_attr",
                "value": "private_key_pem_pkcs8"
              }
            ]
          ]
        }
      ]
    },
    {
      "module": "module.nat",
      "mode": "managed",
      "type": "aws_eip",
      "name": "nat",
      "provider": "provider[\"registry.terraform.io/hashicorp/aws\"]",
      "instances": [
        {
          "schema_version": 0,
          "attributes": {
            "address": null,
            "allocation_id": "eipalloc-043ab627eca6432b1",
            "arn": "arn:aws:ec2:us-west-2:606113392078:elastic-ip/eipalloc-043ab627eca6432b1",
            "associate_with_private_ip": null,
            "association_id": "eipassoc-0aedbffac4ddffafa",
            "carrier_ip": "",
            "customer_owned_ip": "",
            "customer_owned_ipv4_pool": "",
            "domain": "vpc",
            "id": "eipalloc-043ab627eca6432b1",
            "instance": "",
            "network_border_group": "us-west-2",
            "network_interface": "eni-0f3387aa9c5b73a4a",
            "private_dns": "ip-10-0-1-206.us-west-2.compute.internal",
            "private_ip": "10.0.1.206",
            "ptr_record": "",
            "public_dns": "ec2-44-237-236-171.us-west-2.compute.amazonaws.com",
            "public_ip": "44.237.236.171",
            "public_ipv4_pool": "amazon",
            "tags": {
              "Name": "NATGatewayEIP"
            },
            "tags_all": {
              "Name": "NATGatewayEIP"
            },
            "timeouts": null,
            "vpc": true
          },
          "sensitive_attributes": [],
          "private": "eyJlMmJmYjczMC1lY2FhLTExZTYtOGY4OC0zNDM2M2JjN2M0YzAiOnsiZGVsZXRlIjoxODAwMDAwMDAwMDAsInJlYWQiOjkwMDAwMDAwMDAwMCwidXBkYXRlIjozMDAwMDAwMDAwMDB9fQ=="
        }
      ]
    },
    {
      "module": "module.nat",
      "mode": "managed",
      "type": "aws_nat_gateway",
      "name": "nat",
      "provider": "provider[\"registry.terraform.io/hashicorp/aws\"]",
      "instances": [
        {
          "schema_version": 0,
          "attributes": {
            "allocation_id": "eipalloc-043ab627eca6432b1",
            "association_id": "eipassoc-0aedbffac4ddffafa",
            "connectivity_type": "public",
            "id": "nat-0c86e4e079c085be6",
            "network_interface_id": "eni-0f3387aa9c5b73a4a",
            "private_ip": "10.0.1.206",
            "public_ip": "44.237.236.171",
            "secondary_allocation_ids": [],
            "secondary_private_ip_address_count": 0,
            "secondary_private_ip_addresses": [],
            "subnet_id": "subnet-09ca24b503d8172e2",
            "tags": {
              "Name": "NATGateway"
            },
            "tags_all": {
              "Name": "NATGateway"
            },
            "timeouts": null
          },
          "sensitive_attributes": [],
          "private": "eyJlMmJmYjczMC1lY2FhLTExZTYtOGY4OC0zNDM2M2JjN2M0YzAiOnsiY3JlYXRlIjo2MDAwMDAwMDAwMDAsImRlbGV0ZSI6MTgwMDAwMDAwMDAwMCwidXBkYXRlIjo2MDAwMDAwMDAwMDB9fQ==",
          "dependencies": [
            "module.nat.aws_eip.nat",
            "module.vpc.aws_subnet.public",
            "module.vpc.aws_vpc.main"
          ]
        }
      ]
    },
    {
      "module": "module.security_groups",
      "mode": "managed",
      "type": "aws_security_group",
      "name": "db_sg",
      "provider": "provider[\"registry.terraform.io/hashicorp/aws\"]",
      "instances": [
        {
          "schema_version": 1,
          "attributes": {
            "arn": "arn:aws:ec2:us-west-2:606113392078:security-group/sg-03c1822b1bb974b31",
            "description": "Managed by Terraform",
            "egress": [
              {
                "cidr_blocks": [
                  "0.0.0.0/0"
                ],
                "description": "",
                "from_port": 0,
                "ipv6_cidr_blocks": [],
                "prefix_list_ids": [],
                "protocol": "-1",
                "security_groups": [],
                "self": false,
                "to_port": 0
              }
            ],
            "id": "sg-03c1822b1bb974b31",
            "ingress": [
              {
                "cidr_blocks": [
                  "0.0.0.0/0"
                ],
                "description": "",
                "from_port": 3306,
                "ipv6_cidr_blocks": [],
                "prefix_list_ids": [],
                "protocol": "tcp",
                "security_groups": [],
                "self": false,
                "to_port": 3306
              }
            ],
            "name": "db-sg",
            "name_prefix": "",
            "owner_id": "606113392078",
            "revoke_rules_on_delete": false,
            "tags": {
              "Name": "DatabaseSecurityGroup"
            },
            "tags_all": {
              "Name": "DatabaseSecurityGroup"
            },
            "timeouts": null,
            "vpc_id": "vpc-002034b8b93ec2452"
          },
          "sensitive_attributes": [],
          "private": "eyJlMmJmYjczMC1lY2FhLTExZTYtOGY4OC0zNDM2M2JjN2M0YzAiOnsiY3JlYXRlIjo2MDAwMDAwMDAwMDAsImRlbGV0ZSI6OTAwMDAwMDAwMDAwfSwic2NoZW1hX3ZlcnNpb24iOiIxIn0=",
          "dependencies": [
            "module.vpc.aws_vpc.main"
          ]
        }
      ]
    },
    {
      "module": "module.security_groups",
      "mode": "managed",
      "type": "aws_security_group",
      "name": "nginx_sg",
      "provider": "provider[\"registry.terraform.io/hashicorp/aws\"]",
      "instances": [
        {
          "schema_version": 1,
          "attributes": {
            "arn": "arn:aws:ec2:us-west-2:606113392078:security-group/sg-05843f5eac812017f",
            "description": "Managed by Terraform",
            "egress": [
              {
                "cidr_blocks": [
                  "0.0.0.0/0"
                ],
                "description": "",
                "from_port": 0,
                "ipv6_cidr_blocks": [],
                "prefix_list_ids": [],
                "protocol": "-1",
                "security_groups": [],
                "self": false,
                "to_port": 0
              }
            ],
            "id": "sg-05843f5eac812017f",
            "ingress": [
              {
                "cidr_blocks": [
                  "0.0.0.0/0"
                ],
                "description": "",
                "from_port": 80,
                "ipv6_cidr_blocks": [],
                "prefix_list_ids": [],
                "protocol": "tcp",
                "security_groups": [],
                "self": false,
                "to_port": 80
              }
            ],
            "name": "nginx-sg",
            "name_prefix": "",
            "owner_id": "606113392078",
            "revoke_rules_on_delete": false,
            "tags": {
              "Name": "NginxSecurityGroup"
            },
            "tags_all": {
              "Name": "NginxSecurityGroup"
            },
            "timeouts": null,
            "vpc_id": "vpc-002034b8b93ec2452"
          },
          "sensitive_attributes": [],
          "private": "eyJlMmJmYjczMC1lY2FhLTExZTYtOGY4OC0zNDM2M2JjN2M0YzAiOnsiY3JlYXRlIjo2MDAwMDAwMDAwMDAsImRlbGV0ZSI6OTAwMDAwMDAwMDAwfSwic2NoZW1hX3ZlcnNpb24iOiIxIn0=",
          "dependencies": [
            "module.vpc.aws_vpc.main"
          ]
        }
      ]
    },
    {
      "module": "module.vpc",
      "mode": "managed",
      "type": "aws_internet_gateway",
      "name": "gw",
      "provider": "provider[\"registry.terraform.io/hashicorp/aws\"]",
      "instances": [
        {
          "schema_version": 0,
          "attributes": {
            "arn": "arn:aws:ec2:us-west-2:606113392078:internet-gateway/igw-09f218d225ac8c4ba",
            "id": "igw-09f218d225ac8c4ba",
            "owner_id": "606113392078",
            "tags": {
              "Name": "MainIGW"
            },
            "tags_all": {
              "Name": "MainIGW"
            },
            "timeouts": null,
            "vpc_id": "vpc-002034b8b93ec2452"
          },
          "sensitive_attributes": [],
          "private": "eyJlMmJmYjczMC1lY2FhLTExZTYtOGY4OC0zNDM2M2JjN2M0YzAiOnsiY3JlYXRlIjoxMjAwMDAwMDAwMDAwLCJkZWxldGUiOjEyMDAwMDAwMDAwMDAsInVwZGF0ZSI6MTIwMDAwMDAwMDAwMH19",
          "dependencies": [
            "module.vpc.aws_vpc.main"
          ]
        }
      ]
    },
    {
      "module": "module.vpc",
      "mode": "managed",
      "type": "aws_route_table",
      "name": "public",
      "provider": "provider[\"registry.terraform.io/hashicorp/aws\"]",
      "instances": [
        {
          "schema_version": 0,
          "attributes": {
            "arn": "arn:aws:ec2:us-west-2:606113392078:route-table/rtb-006317218c559ac2c",
            "id": "rtb-006317218c559ac2c",
            "owner_id": "606113392078",
            "propagating_vgws": [],
            "route": [
              {
                "carrier_gateway_id": "",
                "cidr_block": "0.0.0.0/0",
                "core_network_arn": "",
                "destination_prefix_list_id": "",
                "egress_only_gateway_id": "",
                "gateway_id": "igw-09f218d225ac8c4ba",
                "ipv6_cidr_block": "",
                "local_gateway_id": "",
                "nat_gateway_id": "",
                "network_interface_id": "",
                "transit_gateway_id": "",
                "vpc_endpoint_id": "",
                "vpc_peering_connection_id": ""
              }
            ],
            "tags": {
              "Name": "PublicRouteTable"
            },
            "tags_all": {
              "Name": "PublicRouteTable"
            },
            "timeouts": null,
            "vpc_id": "vpc-002034b8b93ec2452"
          },
          "sensitive_attributes": [],
          "private": "eyJlMmJmYjczMC1lY2FhLTExZTYtOGY4OC0zNDM2M2JjN2M0YzAiOnsiY3JlYXRlIjozMDAwMDAwMDAwMDAsImRlbGV0ZSI6MzAwMDAwMDAwMDAwLCJ1cGRhdGUiOjEyMDAwMDAwMDAwMH19",
          "dependencies": [
            "module.vpc.aws_internet_gateway.gw",
            "module.vpc.aws_vpc.main"
          ]
        }
      ]
    },
    {
      "module": "module.vpc",
      "mode": "managed",
      "type": "aws_route_table_association",
      "name": "public",
      "provider": "provider[\"registry.terraform.io/hashicorp/aws\"]",
      "instances": [
        {
          "schema_version": 0,
          "attributes": {
            "gateway_id": "",
            "id": "rtbassoc-037230c7f4d7b3609",
            "route_table_id": "rtb-006317218c559ac2c",
            "subnet_id": "subnet-09ca24b503d8172e2",
            "timeouts": null
          },
          "sensitive_attributes": [],
          "private": "eyJlMmJmYjczMC1lY2FhLTExZTYtOGY4OC0zNDM2M2JjN2M0YzAiOnsiY3JlYXRlIjozMDAwMDAwMDAwMDAsImRlbGV0ZSI6MzAwMDAwMDAwMDAwLCJ1cGRhdGUiOjEyMDAwMDAwMDAwMH19",
          "dependencies": [
            "module.vpc.aws_internet_gateway.gw",
            "module.vpc.aws_route_table.public",
            "module.vpc.aws_subnet.public",
            "module.vpc.aws_vpc.main"
          ]
        }
      ]
    },
    {
      "module": "module.vpc",
      "mode": "managed",
      "type": "aws_subnet",
      "name": "private",
      "provider": "provider[\"registry.terraform.io/hashicorp/aws\"]",
      "instances": [
        {
          "schema_version": 1,
          "attributes": {
            "arn": "arn:aws:ec2:us-west-2:606113392078:subnet/subnet-04f0325a264a32eda",
            "assign_ipv6_address_on_creation": false,
            "availability_zone": "us-west-2a",
            "availability_zone_id": "usw2-az2",
            "cidr_block": "10.0.2.0/24",
            "customer_owned_ipv4_pool": "",
            "enable_dns64": false,
            "enable_lni_at_device_index": 0,
            "enable_resource_name_dns_a_record_on_launch": false,
            "enable_resource_name_dns_aaaa_record_on_launch": false,
            "id": "subnet-04f0325a264a32eda",
            "ipv6_cidr_block": "",
            "ipv6_cidr_block_association_id": "",
            "ipv6_native": false,
            "map_customer_owned_ip_on_launch": false,
            "map_public_ip_on_launch": false,
            "outpost_arn": "",
            "owner_id": "606113392078",
            "private_dns_hostname_type_on_launch": "ip-name",
            "tags": {
              "Name": "PrivateSubnet"
            },
            "tags_all": {
              "Name": "PrivateSubnet"
            },
            "timeouts": null,
            "vpc_id": "vpc-002034b8b93ec2452"
          },
          "sensitive_attributes": [],
          "private": "eyJlMmJmYjczMC1lY2FhLTExZTYtOGY4OC0zNDM2M2JjN2M0YzAiOnsiY3JlYXRlIjo2MDAwMDAwMDAwMDAsImRlbGV0ZSI6MTIwMDAwMDAwMDAwMH0sInNjaGVtYV92ZXJzaW9uIjoiMSJ9",
          "dependencies": [
            "module.vpc.aws_vpc.main"
          ]
        }
      ]
    },
    {
      "module": "module.vpc",
      "mode": "managed",
      "type": "aws_subnet",
      "name": "public",
      "provider": "provider[\"registry.terraform.io/hashicorp/aws\"]",
      "instances": [
        {
          "schema_version": 1,
          "attributes": {
            "arn": "arn:aws:ec2:us-west-2:606113392078:subnet/subnet-09ca24b503d8172e2",
            "assign_ipv6_address_on_creation": false,
            "availability_zone": "us-west-2a",
            "availability_zone_id": "usw2-az2",
            "cidr_block": "10.0.1.0/24",
            "customer_owned_ipv4_pool": "",
            "enable_dns64": false,
            "enable_lni_at_device_index": 0,
            "enable_resource_name_dns_a_record_on_launch": false,
            "enable_resource_name_dns_aaaa_record_on_launch": false,
            "id": "subnet-09ca24b503d8172e2",
            "ipv6_cidr_block": "",
            "ipv6_cidr_block_association_id": "",
            "ipv6_native": false,
            "map_customer_owned_ip_on_launch": false,
            "map_public_ip_on_launch": false,
            "outpost_arn": "",
            "owner_id": "606113392078",
            "private_dns_hostname_type_on_launch": "ip-name",
            "tags": {
              "Name": "PublicSubnet"
            },
            "tags_all": {
              "Name": "PublicSubnet"
            },
            "timeouts": null,
            "vpc_id": "vpc-002034b8b93ec2452"
          },
          "sensitive_attributes": [],
          "private": "eyJlMmJmYjczMC1lY2FhLTExZTYtOGY4OC0zNDM2M2JjN2M0YzAiOnsiY3JlYXRlIjo2MDAwMDAwMDAwMDAsImRlbGV0ZSI6MTIwMDAwMDAwMDAwMH0sInNjaGVtYV92ZXJzaW9uIjoiMSJ9",
          "dependencies": [
            "module.vpc.aws_vpc.main"
          ]
        }
      ]
    },
    {
      "module": "module.vpc",
      "mode": "managed",
      "type": "aws_vpc",
      "name": "main",
      "provider": "provider[\"registry.terraform.io/hashicorp/aws\"]",
      "instances": [
        {
          "schema_version": 1,
          "attributes": {
            "arn": "arn:aws:ec2:us-west-2:606113392078:vpc/vpc-002034b8b93ec2452",
            "assign_generated_ipv6_cidr_block": false,
            "cidr_block": "10.0.0.0/16",
            "default_network_acl_id": "acl-0143faf7914051548",
            "default_route_table_id": "rtb-06833c8a849152e6c",
            "default_security_group_id": "sg-084fe423eb0610cc1",
            "dhcp_options_id": "dopt-050872b1dcd22fc5d",
            "enable_dns_hostnames": false,
            "enable_dns_support": true,
            "enable_network_address_usage_metrics": false,
            "id": "vpc-002034b8b93ec2452",
            "instance_tenancy": "default",
            "ipv4_ipam_pool_id": null,
            "ipv4_netmask_length": null,
            "ipv6_association_id": "",
            "ipv6_cidr_block": "",
            "ipv6_cidr_block_network_border_group": "",
            "ipv6_ipam_pool_id": "",
            "ipv6_netmask_length": 0,
            "main_route_table_id": "rtb-06833c8a849152e6c",
            "owner_id": "606113392078",
            "tags": {
              "Name": "MainVPC"
            },
            "tags_all": {
              "Name": "MainVPC"
            }
          },
          "sensitive_attributes": [],
          "private": "eyJzY2hlbWFfdmVyc2lvbiI6IjEifQ=="
        }
      ]
    }
  ],
  "check_results": null
}
